
Microsoft Visual Studio Solution File, Format Version 12.00
# Visual Studio Version 16
VisualStudioVersion = 16.0.30907.101
MinimumVisualStudioVersion = 10.0.40219.1
Project("{FAE04EC0-301F-11D3-BF4B-00C04F79EFBC}") = "SalesManagement.Web", "SalesManagement.Web\SalesManagement.Web.csproj", "{A61C5E37-C3A3-4918-8601-2CA82968D6B8}"
EndProject
Project("{FAE04EC0-301F-11D3-BF4B-00C04F79EFBC}") = "SalesManagement.DataLayer", "SalesManagement.DataLayer\SalesManagement.DataLayer.csproj", "{801312C4-8863-416D-831E-FB59132B5A75}"
EndProject
Project("{FAE04EC0-301F-11D3-BF4B-00C04F79EFBC}") = "SalesManagement.BusinessLayer", "SalesManagement.BusinessLayer\SalesManagement.BusinessLayer.csproj", "{3E4F9557-DD69-4E6A-A7C4-C63D1F28622A}"
EndProject
Global
	GlobalSection(SolutionConfigurationPlatforms) = preSolution
		Debug|Any CPU = Debug|Any CPU
		Release|Any CPU = Release|Any CPU
	EndGlobalSection
	GlobalSection(ProjectConfigurationPlatforms) = postSolution
		{A61C5E37-C3A3-4918-8601-2CA82968D6B8}.Debug|Any CPU.ActiveCfg = Debug|Any CPU
		{A61C5E37-C3A3-4918-8601-2CA82968D6B8}.Debug|Any CPU.Build.0 = Debug|Any CPU
		{A61C5E37-C3A3-4918-8601-2CA82968D6B8}.Release|Any CPU.ActiveCfg = Release|Any CPU
		{A61C5E37-C3A3-4918-8601-2CA82968D6B8}.Release|Any CPU.Build.0 = Release|Any CPU
		{801312C4-8863-416D-831E-FB59132B5A75}.Debug|Any CPU.ActiveCfg = Debug|Any CPU
		{801312C4-8863-416D-831E-FB59132B5A75}.Debug|Any CPU.Build.0 = Debug|Any CPU
		{801312C4-8863-416D-831E-FB59132B5A75}.Release|Any CPU.ActiveCfg = Release|Any CPU
		{801312C4-8863-416D-831E-FB59132B5A75}.Release|Any CPU.Build.0 = Release|Any CPU
		{3E4F9557-DD69-4E6A-A7C4-C63D1F28622A}.Debug|Any CPU.ActiveCfg = Debug|Any CPU
		{3E4F9557-DD69-4E6A-A7C4-C63D1F28622A}.Debug|Any CPU.Build.0 = Debug|Any CPU
		{3E4F9557-DD69-4E6A-A7C4-C63D1F28622A}.Release|Any CPU.ActiveCfg = Release|Any CPU
		{3E4F9557-DD69-4E6A-A7C4-C63D1F28622A}.Release|Any CPU.Build.0 = Release|Any CPU
	EndGlobalSection
	GlobalSection(SolutionProperties) = preSolution
		HideSolutionNode = FALSE
	EndGlobalSection
	GlobalSection(ExtensibilityGlobals) = postSolution
		SolutionGuid = {38400B5C-5A24-41BE-BDEA-F8806824FACE}
	EndGlobalSection
EndGlobal
